// !$*UTF8*$!
{
	archiveVersion = 1;
	classes = {
	};
	objectVersion = 46;
	objects = {

/* Begin PBXBuildFile section */
		76F27C051B125E3D00F4E905 /* main.mm in Sources */ = {isa = PBXBuildFile; fileRef = 76F27C041B125E3D00F4E905 /* main.mm */; };
		76F27C081B125E3D00F4E905 /* AppDelegate.m in Sources */ = {isa = PBXBuildFile; fileRef = 76F27C071B125E3D00F4E905 /* AppDelegate.m */; };
		76F27C0B1B125E3D00F4E905 /* ViewController.m in Sources */ = {isa = PBXBuildFile; fileRef = 76F27C0A1B125E3D00F4E905 /* ViewController.m */; };
		76F27C0E1B125E3D00F4E905 /* Main.storyboard in Resources */ = {isa = PBXBuildFile; fileRef = 76F27C0C1B125E3D00F4E905 /* Main.storyboard */; };
		76F27C101B125E3D00F4E905 /* Images.xcassets in Resources */ = {isa = PBXBuildFile; fileRef = 76F27C0F1B125E3D00F4E905 /* Images.xcassets */; };
		76F27C131B125E3D00F4E905 /* LaunchScreen.xib in Resources */ = {isa = PBXBuildFile; fileRef = 76F27C111B125E3D00F4E905 /* LaunchScreen.xib */; };
		76F27C1F1B125E3D00F4E905 /* Kitten_BoxTests.m in Sources */ = {isa = PBXBuildFile; fileRef = 76F27C1E1B125E3D00F4E905 /* Kitten_BoxTests.m */; };
		76F27C291B125E6B00F4E905 /* game.cpp in Sources */ = {isa = PBXBuildFile; fileRef = 76F27C281B125E6B00F4E905 /* game.cpp */; };
		76F27C2F1B125E7F00F4E905 /* kitten.bmp in Resources */ = {isa = PBXBuildFile; fileRef = 76F27C2A1B125E7F00F4E905 /* kitten.bmp */; };
		76F27C301B125E7F00F4E905 /* redx.bmp in Resources */ = {isa = PBXBuildFile; fileRef = 76F27C2B1B125E7F00F4E905 /* redx.bmp */; };
		76F27C311B125E7F00F4E905 /* ui.cpp in Sources */ = {isa = PBXBuildFile; fileRef = 76F27C2C1B125E7F00F4E905 /* ui.cpp */; };
		76F4D7B01B3972ED0090A923 /* libSDL2.a in Frameworks */ = {isa = PBXBuildFile; fileRef = 76F4D7AF1B3972C40090A923 /* libSDL2.a */; };
/* End PBXBuildFile section */

/* Begin PBXContainerItemProxy section */
		76F27C191B125E3D00F4E905 /* PBXContainerItemProxy */ = {
			isa = PBXContainerItemProxy;
			containerPortal = 76F27BF71B125E3D00F4E905 /* Project object */;
			proxyType = 1;
			remoteGlobalIDString = 76F27BFE1B125E3D00F4E905;
			remoteInfo = "Kitten Box";
		};
		76F4D7AE1B3972C40090A923 /* PBXContainerItemProxy */ = {
			isa = PBXContainerItemProxy;
			containerPortal = 76F4D7A91B3972C40090A923 /* SDL.xcodeproj */;
			proxyType = 2;
			remoteGlobalIDString = FD6526630DE8FCCB002AD96B;
			remoteInfo = libSDL;
		};
/* End PBXContainerItemProxy section */

/* Begin PBXFileReference section */
		76F27BFF1B125E3D00F4E905 /* Kitten Box.app */ = {isa = PBXFileReference; explicitFileType = wrapper.application; includeInIndex = 0; path = "Kitten Box.app"; sourceTree = BUILT_PRODUCTS_DIR; };
		76F27C031B125E3D00F4E905 /* Info.plist */ = {isa = PBXFileReference; lastKnownFileType = text.plist.xml; path = Info.plist; sourceTree = "<group>"; };
		76F27C041B125E3D00F4E905 /* main.mm */ = {isa = PBXFileReference; lastKnownFileType = sourcecode.cpp.objcpp; path = main.mm; sourceTree = "<group>"; };
		76F27C061B125E3D00F4E905 /* AppDelegate.h */ = {isa = PBXFileReference; lastKnownFileType = sourcecode.c.h; path = AppDelegate.h; sourceTree = "<group>"; };
		76F27C071B125E3D00F4E905 /* AppDelegate.m */ = {isa = PBXFileReference; lastKnownFileType = sourcecode.c.objc; path = AppDelegate.m; sourceTree = "<group>"; };
		76F27C091B125E3D00F4E905 /* ViewController.h */ = {isa = PBXFileReference; lastKnownFileType = sourcecode.c.h; path = ViewController.h; sourceTree = "<group>"; };
		76F27C0A1B125E3D00F4E905 /* ViewController.m */ = {isa = PBXFileReference; lastKnownFileType = sourcecode.c.objc; path = ViewController.m; sourceTree = "<group>"; };
		76F27C0D1B125E3D00F4E905 /* Base */ = {isa = PBXFileReference; lastKnownFileType = file.storyboard; name = Base; path = Base.lproj/Main.storyboard; sourceTree = "<group>"; };
		76F27C0F1B125E3D00F4E905 /* Images.xcassets */ = {isa = PBXFileReference; lastKnownFileType = folder.assetcatalog; path = Images.xcassets; sourceTree = "<group>"; };
		76F27C121B125E3D00F4E905 /* Base */ = {isa = PBXFileReference; lastKnownFileType = file.xib; name = Base; path = Base.lproj/LaunchScreen.xib; sourceTree = "<group>"; };
		76F27C181B125E3D00F4E905 /* Kitten BoxTests.xctest */ = {isa = PBXFileReference; explicitFileType = wrapper.cfbundle; includeInIndex = 0; path = "Kitten BoxTests.xctest"; sourceTree = BUILT_PRODUCTS_DIR; };
		76F27C1D1B125E3D00F4E905 /* Info.plist */ = {isa = PBXFileReference; lastKnownFileType = text.plist.xml; path = Info.plist; sourceTree = "<group>"; };
		76F27C1E1B125E3D00F4E905 /* Kitten_BoxTests.m */ = {isa = PBXFileReference; lastKnownFileType = sourcecode.c.objc; path = Kitten_BoxTests.m; sourceTree = "<group>"; };
		76F27C281B125E6B00F4E905 /* game.cpp */ = {isa = PBXFileReference; fileEncoding = 4; lastKnownFileType = sourcecode.cpp.cpp; path = game.cpp; sourceTree = "<group>"; };
		76F27C2A1B125E7F00F4E905 /* kitten.bmp */ = {isa = PBXFileReference; lastKnownFileType = image.bmp; path = kitten.bmp; sourceTree = "<group>"; };
		76F27C2B1B125E7F00F4E905 /* redx.bmp */ = {isa = PBXFileReference; lastKnownFileType = image.bmp; path = redx.bmp; sourceTree = "<group>"; };
		76F27C2C1B125E7F00F4E905 /* ui.cpp */ = {isa = PBXFileReference; fileEncoding = 4; lastKnownFileType = sourcecode.cpp.cpp; path = ui.cpp; sourceTree = "<group>"; };
		76F27C2D1B125E7F00F4E905 /* ui.h */ = {isa = PBXFileReference; fileEncoding = 4; lastKnownFileType = sourcecode.c.h; path = ui.h; sourceTree = "<group>"; };
		76F27C2E1B125E7F00F4E905 /* game.h */ = {isa = PBXFileReference; fileEncoding = 4; lastKnownFileType = sourcecode.c.h; path = game.h; sourceTree = "<group>"; };
		76F4D7A91B3972C40090A923 /* SDL.xcodeproj */ = {isa = PBXFileReference; lastKnownFileType = "wrapper.pb-project"; name = SDL.xcodeproj; path = "SDL-2.0.4-9769/Xcode-iOS/SDL/SDL.xcodeproj"; sourceTree = "<group>"; };
/* End PBXFileReference section */

/* Begin PBXFrameworksBuildPhase section */
		76F27BFC1B125E3D00F4E905 /* Frameworks */ = {
			isa = PBXFrameworksBuildPhase;
			buildActionMask = 2147483647;
			files = (
				76F4D7B01B3972ED0090A923 /* libSDL2.a in Frameworks */,
			);
			runOnlyForDeploymentPostprocessing = 0;
		};
		76F27C151B125E3D00F4E905 /* Frameworks */ = {
			isa = PBXFrameworksBuildPhase;
			buildActionMask = 2147483647;
			files = (
			);
			runOnlyForDeploymentPostprocessing = 0;
		};
/* End PBXFrameworksBuildPhase section */

/* Begin PBXGroup section */
		76F27BF61B125E3D00F4E905 = {
			isa = PBXGroup;
			children = (
				76F4D7A91B3972C40090A923 /* SDL.xcodeproj */,
				76F27C011B125E3D00F4E905 /* Kitten Box */,
				76F27C1B1B125E3D00F4E905 /* Kitten BoxTests */,
				76F27C001B125E3D00F4E905 /* Products */,
			);
			sourceTree = "<group>";
		};
		76F27C001B125E3D00F4E905 /* Products */ = {
			isa = PBXGroup;
			children = (
				76F27BFF1B125E3D00F4E905 /* Kitten Box.app */,
				76F27C181B125E3D00F4E905 /* Kitten BoxTests.xctest */,
			);
			name = Products;
			sourceTree = "<group>";
		};
		76F27C011B125E3D00F4E905 /* Kitten Box */ = {
			isa = PBXGroup;
			children = (
				76F27C2A1B125E7F00F4E905 /* kitten.bmp */,
				76F27C2B1B125E7F00F4E905 /* redx.bmp */,
				76F27C2C1B125E7F00F4E905 /* ui.cpp */,
				76F27C2D1B125E7F00F4E905 /* ui.h */,
				76F27C2E1B125E7F00F4E905 /* game.h */,
				76F27C281B125E6B00F4E905 /* game.cpp */,
				76F27C061B125E3D00F4E905 /* AppDelegate.h */,
				76F27C071B125E3D00F4E905 /* AppDelegate.m */,
				76F27C091B125E3D00F4E905 /* ViewController.h */,
				76F27C0A1B125E3D00F4E905 /* ViewController.m */,
				76F27C0C1B125E3D00F4E905 /* Main.storyboard */,
				76F27C0F1B125E3D00F4E905 /* Images.xcassets */,
				76F27C111B125E3D00F4E905 /* LaunchScreen.xib */,
				76F27C021B125E3D00F4E905 /* Supporting Files */,
			);
			path = "Kitten Box";
			sourceTree = "<group>";
		};
		76F27C021B125E3D00F4E905 /* Supporting Files */ = {
			isa = PBXGroup;
			children = (
				76F27C031B125E3D00F4E905 /* Info.plist */,
				76F27C041B125E3D00F4E905 /* main.mm */,
			);
			name = "Supporting Files";
			sourceTree = "<group>";
		};
		76F27C1B1B125E3D00F4E905 /* Kitten BoxTests */ = {
			isa = PBXGroup;
			children = (
				76F27C1E1B125E3D00F4E905 /* Kitten_BoxTests.m */,
				76F27C1C1B125E3D00F4E905 /* Supporting Files */,
			);
			path = "Kitten BoxTests";
			sourceTree = "<group>";
		};
		76F27C1C1B125E3D00F4E905 /* Supporting Files */ = {
			isa = PBXGroup;
			children = (
				76F27C1D1B125E3D00F4E905 /* Info.plist */,
			);
			name = "Supporting Files";
			sourceTree = "<group>";
		};
		76F4D7AA1B3972C40090A923 /* Products */ = {
			isa = PBXGroup;
			children = (
				76F4D7AF1B3972C40090A923 /* libSDL2.a */,
			);
			name = Products;
			sourceTree = "<group>";
		};
/* End PBXGroup section */

/* Begin PBXNativeTarget section */
		76F27BFE1B125E3D00F4E905 /* Kitten Box */ = {
			isa = PBXNativeTarget;
			buildConfigurationList = 76F27C221B125E3D00F4E905 /* Build configuration list for PBXNativeTarget "Kitten Box" */;
			buildPhases = (
				76F27BFB1B125E3D00F4E905 /* Sources */,
				76F27BFC1B125E3D00F4E905 /* Frameworks */,
				76F27BFD1B125E3D00F4E905 /* Resources */,
			);
			buildRules = (
			);
			dependencies = (
			);
			name = "Kitten Box";
			productName = "Kitten Box";
			productReference = 76F27BFF1B125E3D00F4E905 /* Kitten Box.app */;
			productType = "com.apple.product-type.application";
		};
		76F27C171B125E3D00F4E905 /* Kitten BoxTests */ = {
			isa = PBXNativeTarget;
			buildConfigurationList = 76F27C251B125E3D00F4E905 /* Build configuration list for PBXNativeTarget "Kitten BoxTests" */;
			buildPhases = (
				76F27C141B125E3D00F4E905 /* Sources */,
				76F27C151B125E3D00F4E905 /* Frameworks */,
				76F27C161B125E3D00F4E905 /* Resources */,
			);
			buildRules = (
			);
			dependencies = (
				76F27C1A1B125E3D00F4E905 /* PBXTargetDependency */,
			);
			name = "Kitten BoxTests";
			productName = "Kitten BoxTests";
			productReference = 76F27C181B125E3D00F4E905 /* Kitten BoxTests.xctest */;
			productType = "com.apple.product-type.bundle.unit-test";
		};
/* End PBXNativeTarget section */

/* Begin PBXProject section */
		76F27BF71B125E3D00F4E905 /* Project object */ = {
			isa = PBXProject;
			attributes = {
				LastUpgradeCheck = 0630;
				ORGANIZATIONNAME = "Clair Marchesani";
				TargetAttributes = {
					76F27BFE1B125E3D00F4E905 = {
						CreatedOnToolsVersion = 6.3.1;
					};
					76F27C171B125E3D00F4E905 = {
						CreatedOnToolsVersion = 6.3.1;
						TestTargetID = 76F27BFE1B125E3D00F4E905;
					};
				};
			};
			buildConfigurationList = 76F27BFA1B125E3D00F4E905 /* Build configuration list for PBXProject "Kitten Box" */;
			compatibilityVersion = "Xcode 3.2";
			developmentRegion = English;
			hasScannedForEncodings = 0;
			knownRegions = (
				en,
				Base,
			);
			mainGroup = 76F27BF61B125E3D00F4E905;
			productRefGroup = 76F27C001B125E3D00F4E905 /* Products */;
			projectDirPath = "";
			projectReferences = (
				{
					ProductGroup = 76F4D7AA1B3972C40090A923 /* Products */;
					ProjectRef = 76F4D7A91B3972C40090A923 /* SDL.xcodeproj */;
				},
			);
			projectRoot = "";
			targets = (
				76F27BFE1B125E3D00F4E905 /* Kitten Box */,
				76F27C171B125E3D00F4E905 /* Kitten BoxTests */,
			);
		};
/* End PBXProject section */

/* Begin PBXReferenceProxy section */
		76F4D7AF1B3972C40090A923 /* libSDL2.a */ = {
			isa = PBXReferenceProxy;
			fileType = archive.ar;
			path = libSDL2.a;
			remoteRef = 76F4D7AE1B3972C40090A923 /* PBXContainerItemProxy */;
			sourceTree = BUILT_PRODUCTS_DIR;
		};
/* End PBXReferenceProxy section */

/* Begin PBXResourcesBuildPhase section */
		76F27BFD1B125E3D00F4E905 /* Resources */ = {
			isa = PBXResourcesBuildPhase;
			buildActionMask = 2147483647;
			files = (
				76F27C0E1B125E3D00F4E905 /* Main.storyboard in Resources */,
				76F27C131B125E3D00F4E905 /* LaunchScreen.xib in Resources */,
				76F27C2F1B125E7F00F4E905 /* kitten.bmp in Resources */,
				76F27C301B125E7F00F4E905 /* redx.bmp in Resources */,
				76F27C101B125E3D00F4E905 /* Images.xcassets in Resources */,
			);
			runOnlyForDeploymentPostprocessing = 0;
		};
		76F27C161B125E3D00F4E905 /* Resources */ = {
			isa = PBXResourcesBuildPhase;
			buildActionMask = 2147483647;
			files = (
			);
			runOnlyForDeploymentPostprocessing = 0;
		};
/* End PBXResourcesBuildPhase section */

/* Begin PBXSourcesBuildPhase section */
		76F27BFB1B125E3D00F4E905 /* Sources */ = {
			isa = PBXSourcesBuildPhase;
			buildActionMask = 2147483647;
			files = (
				76F27C311B125E7F00F4E905 /* ui.cpp in Sources */,
				76F27C0B1B125E3D00F4E905 /* ViewController.m in Sources */,
				76F27C081B125E3D00F4E905 /* AppDelegate.m in Sources */,
				76F27C051B125E3D00F4E905 /* main.mm in Sources */,
				76F27C291B125E6B00F4E905 /* game.cpp in Sources */,
			);
			runOnlyForDeploymentPostprocessing = 0;
		};
		76F27C141B125E3D00F4E905 /* Sources */ = {
			isa = PBXSourcesBuildPhase;
			buildActionMask = 2147483647;
			files = (
				76F27C1F1B125E3D00F4E905 /* Kitten_BoxTests.m in Sources */,
			);
			runOnlyForDeploymentPostprocessing = 0;
		};
/* End PBXSourcesBuildPhase section */

/* Begin PBXTargetDependency section */
		76F27C1A1B125E3D00F4E905 /* PBXTargetDependency */ = {
			isa = PBXTargetDependency;
			target = 76F27BFE1B125E3D00F4E905 /* Kitten Box */;
			targetProxy = 76F27C191B125E3D00F4E905 /* PBXContainerItemProxy */;
		};
/* End PBXTargetDependency section */

/* Begin PBXVariantGroup section */
		76F27C0C1B125E3D00F4E905 /* Main.storyboard */ = {
			isa = PBXVariantGroup;
			children = (
				76F27C0D1B125E3D00F4E905 /* Base */,
			);
			name = Main.storyboard;
			sourceTree = "<group>";
		};
		76F27C111B125E3D00F4E905 /* LaunchScreen.xib */ = {
			isa = PBXVariantGroup;
			children = (
				76F27C121B125E3D00F4E905 /* Base */,
			);
			name = LaunchScreen.xib;
			sourceTree = "<group>";
		};
/* End PBXVariantGroup section */

/* Begin XCBuildConfiguration section */
		76F27C201B125E3D00F4E905 /* Debug */ = {
			isa = XCBuildConfiguration;
			buildSettings = {
				ALWAYS_SEARCH_USER_PATHS = NO;
				CLANG_CXX_LANGUAGE_STANDARD = "gnu++0x";
				CLANG_CXX_LIBRARY = "libc++";
				CLANG_ENABLE_MODULES = YES;
				CLANG_ENABLE_OBJC_ARC = YES;
				CLANG_WARN_BOOL_CONVERSION = YES;
				CLANG_WARN_CONSTANT_CONVERSION = YES;
				CLANG_WARN_DIRECT_OBJC_ISA_USAGE = YES_ERROR;
				CLANG_WARN_EMPTY_BODY = YES;
				CLANG_WARN_ENUM_CONVERSION = YES;
				CLANG_WARN_INT_CONVERSION = YES;
				CLANG_WARN_OBJC_ROOT_CLASS = YES_ERROR;
				CLANG_WARN_UNREACHABLE_CODE = YES;
				CLANG_WARN__DUPLICATE_METHOD_MATCH = YES;
				"CODE_SIGN_IDENTITY[sdk=iphoneos*]" = "iPhone Developer";
				COPY_PHASE_STRIP = NO;
				DEBUG_INFORMATION_FORMAT = "dwarf-with-dsym";
				ENABLE_STRICT_OBJC_MSGSEND = YES;
				GCC_C_LANGUAGE_STANDARD = gnu99;
				GCC_DYNAMIC_NO_PIC = NO;
				GCC_NO_COMMON_BLOCKS = YES;
				GCC_OPTIMIZATION_LEVEL = 0;
				GCC_PREPROCESSOR_DEFINITIONS = (
					"DEBUG=1",
					"$(inherited)",
				);
				GCC_SYMBOLS_PRIVATE_EXTERN = NO;
				GCC_WARN_64_TO_32_BIT_CONVERSION = YES;
				GCC_WARN_ABOUT_RETURN_TYPE = YES_ERROR;
				GCC_WARN_UNDECLARED_SELECTOR = YES;
				GCC_WARN_UNINITIALIZED_AUTOS = YES_AGGRESSIVE;
				GCC_WARN_UNUSED_FUNCTION = YES;
				GCC_WARN_UNUSED_VARIABLE = YES;
				IPHONEOS_DEPLOYMENT_TARGET = 8.3;
				MTL_ENABLE_DEBUG_INFO = YES;
				ONLY_ACTIVE_ARCH = YES;
				SDKROOT = iphoneos;
				TARGETED_DEVICE_FAMILY = "1,2";
			};
			name = Debug;
		};
		76F27C211B125E3D00F4E905 /* Release */ = {
			isa = XCBuildConfiguration;
			buildSettings = {
				ALWAYS_SEARCH_USER_PATHS = NO;
				CLANG_CXX_LANGUAGE_STANDARD = "gnu++0x";
				CLANG_CXX_LIBRARY = "libc++";
				CLANG_ENABLE_MODULES = YES;
				CLANG_ENABLE_OBJC_ARC = YES;
				CLANG_WARN_BOOL_CONVERSION = YES;
				CLANG_WARN_CONSTANT_CONVERSION = YES;
				CLANG_WARN_DIRECT_OBJC_ISA_USAGE = YES_ERROR;
				CLANG_WARN_EMPTY_BODY = YES;
				CLANG_WARN_ENUM_CONVERSION = YES;
				CLANG_WARN_INT_CONVERSION = YES;
				CLANG_WARN_OBJC_ROOT_CLASS = YES_ERROR;
				CLANG_WARN_UNREACHABLE_CODE = YES;
				CLANG_WARN__DUPLICATE_METHOD_MATCH = YES;
				"CODE_SIGN_IDENTITY[sdk=iphoneos*]" = "iPhone Developer";
				COPY_PHASE_STRIP = NO;
				DEBUG_INFORMATION_FORMAT = "dwarf-with-dsym";
				ENABLE_NS_ASSERTIONS = NO;
				ENABLE_STRICT_OBJC_MSGSEND = YES;
				GCC_C_LANGUAGE_STANDARD = gnu99;
				GCC_NO_COMMON_BLOCKS = YES;
				GCC_WARN_64_TO_32_BIT_CONVERSION = YES;
				GCC_WARN_ABOUT_RETURN_TYPE = YES_ERROR;
				GCC_WARN_UNDECLARED_SELECTOR = YES;
				GCC_WARN_UNINITIALIZED_AUTOS = YES_AGGRESSIVE;
				GCC_WARN_UNUSED_FUNCTION = YES;
				GCC_WARN_UNUSED_VARIABLE = YES;
				IPHONEOS_DEPLOYMENT_TARGET = 8.3;
				MTL_ENABLE_DEBUG_INFO = NO;
				SDKROOT = iphoneos;
				TARGETED_DEVICE_FAMILY = "1,2";
				VALIDATE_PRODUCT = YES;
			};
			name = Release;
		};
		76F27C231B125E3D00F4E905 /* Debug */ = {
			isa = XCBuildConfiguration;
			buildSettings = {
				ASSETCATALOG_COMPILER_APPICON_NAME = AppIcon;
				HEADER_SEARCH_PATHS = (
					"$(inherited)",
					/Applications/Xcode.app/Contents/Developer/Toolchains/XcodeDefault.xctoolchain/usr/include,
					/usr/local/include/SDL2,
				);
				INFOPLIST_FILE = "Kitten Box/Info.plist";
				LD_RUNPATH_SEARCH_PATHS = "$(inherited) @executable_path/Frameworks";
				LIBRARY_SEARCH_PATHS = "";
				PRODUCT_NAME = "$(TARGET_NAME)";
				REZ_SEARCH_PATHS = "$(PROJECT_DIR)";
				USER_HEADER_SEARCH_PATHS = ../../../include;
			};
			name = Debug;
		};
		76F27C241B125E3D00F4E905 /* Release */ = {
			isa = XCBuildConfiguration;
			buildSettings = {
				ASSETCATALOG_COMPILER_APPICON_NAME = AppIcon;
				HEADER_SEARCH_PATHS = (
					"$(inherited)",
					/Applications/Xcode.app/Contents/Developer/Toolchains/XcodeDefault.xctoolchain/usr/include,
					/usr/local/include/SDL2,
				);
				INFOPLIST_FILE = "Kitten Box/Info.plist";
				LD_RUNPATH_SEARCH_PATHS = "$(inherited) @executable_path/Frameworks";
				LIBRARY_SEARCH_PATHS = "";
				PRODUCT_NAME = "$(TARGET_NAME)";
				REZ_SEARCH_PATHS = "$(PROJECT_DIR)";
				USER_HEADER_SEARCH_PATHS = ../../../include;
			};
			name = Release;
		};
		76F27C261B125E3D00F4E905 /* Debug */ = {
			isa = XCBuildConfiguration;
			buildSettings = {
				BUNDLE_LOADER = "$(TEST_HOST)";
				FRAMEWORK_SEARCH_PATHS = (
					"$(SDKROOT)/Developer/Library/Frameworks",
					"$(inherited)",
				);
				GCC_PREPROCESSOR_DEFINITIONS = (
					"DEBUG=1",
					"$(inherited)",
				);
				INFOPLIST_FILE = "Kitten BoxTests/Info.plist";
				LD_RUNPATH_SEARCH_PATHS = "$(inherited) @executable_path/Frameworks @loader_path/Frameworks";
				PRODUCT_NAME = "$(TARGET_NAME)";
				TEST_HOST = "$(BUILT_PRODUCTS_DIR)/Kitten Box.app/Kitten Box";
			};
			name = Debug;
		};
		76F27C271B125E3D00F4E905 /* Release */ = {
			isa = XCBuildConfiguration;
			buildSettings = {
				BUNDLE_LOADER = "$(TEST_HOST)";
				FRAMEWORK_SEARCH_PATHS = (
					"$(SDKROOT)/Developer/Library/Frameworks",
					"$(inherited)",
				);
				INFOPLIST_FILE = "Kitten BoxTests/Info.plist";
				LD_RUNPATH_SEARCH_PATHS = "$(inherited) @executable_path/Frameworks @loader_path/Frameworks";
				PRODUCT_NAME = "$(TARGET_NAME)";
				TEST_HOST = "$(BUILT_PRODUCTS_DIR)/Kitten Box.app/Kitten Box";
			};
			name = Release;
		};
/* End XCBuildConfiguration section */

/* Begin XCConfigurationList section */
		76F27BFA1B125E3D00F4E905 /* Build configuration list for PBXProject "Kitten Box" */ = {
			isa = XCConfigurationList;
			buildConfigurations = (
				76F27C201B125E3D00F4E905 /* Debug */,
				76F27C211B125E3D00F4E905 /* Release */,
			);
			defaultConfigurationIsVisible = 0;
			defaultConfigurationName = Release;
		};
		76F27C221B125E3D00F4E905 /* Build configuration list for PBXNativeTarget "Kitten Box" */ = {
			isa = XCConfigurationList;
			buildConfigurations = (
				76F27C231B125E3D00F4E905 /* Debug */,
				76F27C241B125E3D00F4E905 /* Release */,
			);
			defaultConfigurationIsVisible = 0;
			defaultConfigurationName = Release;
		};
		76F27C251B125E3D00F4E905 /* Build configuration list for PBXNativeTarget "Kitten BoxTests" */ = {
			isa = XCConfigurationList;
			buildConfigurations = (
				76F27C261B125E3D00F4E905 /* Debug */,
				76F27C271B125E3D00F4E905 /* Release */,
			);
			defaultConfigurationIsVisible = 0;
			defaultConfigurationName = Release;
		};
/* End XCConfigurationList section */
	};
	rootObject = 76F27BF71B125E3D00F4E905 /* Project object */;
}
